<?xml version="1.0" encoding="utf-8"?>
<Project ToolsVersion="4.0" xmlns="http://schemas.microsoft.com/developer/msbuild/2003">
  <ItemGroup>
    <Filter Include="소스 파일">
      <UniqueIdentifier>{4FC737F1-C7A5-4376-A066-2A32D752A2FF}</UniqueIdentifier>
      <Extensions>cpp;c;cc;cxx;def;odl;idl;hpj;bat;asm;asmx</Extensions>
    </Filter>
    <Filter Include="헤더 파일">
      <UniqueIdentifier>{93995380-89BD-4b04-88EB-625FBE52EBFB}</UniqueIdentifier>
      <Extensions>h;hh;hpp;hxx;hm;inl;inc;ipp;xsd</Extensions>
    </Filter>
    <Filter Include="리소스 파일">
      <UniqueIdentifier>{67DA6AB6-F800-4c08-8B7A-83BB121AAD01}</UniqueIdentifier>
      <Extensions>rc;ico;cur;bmp;dlg;rc2;rct;bin;rgs;gif;jpg;jpeg;jpe;resx;tiff;tif;png;wav;mfcribbon-ms</Extensions>
    </Filter>
    <Filter Include="Lib">
      <UniqueIdentifier>{96440498-e7c5-49f1-ad12-e0a23e497f2e}</UniqueIdentifier>
    </Filter>
    <Filter Include="Common">
      <UniqueIdentifier>{dfca2171-b4c8-4841-8014-d08226d1cfdc}</UniqueIdentifier>
    </Filter>
  </ItemGroup>
  <ItemGroup>
    <ClInclude Include="pch.h">
      <Filter>헤더 파일</Filter>
    </ClInclude>
    <ClInclude Include="Player.h">
      <Filter>헤더 파일</Filter>
    </ClInclude>
    <ClInclude Include="Sector.h">
      <Filter>헤더 파일</Filter>
    </ClInclude>
    <ClInclude Include="..\..\Lib\NetServer.h">
      <Filter>Lib</Filter>
    </ClInclude>
    <ClInclude Include="..\..\Lib\StreamBuffer.h">
      <Filter>Lib</Filter>
    </ClInclude>
    <ClInclude Include="..\..\Lib\StreamQueue.h">
      <Filter>Lib</Filter>
    </ClInclude>
    <ClInclude Include="..\..\Common\CommonProtocol.h">
      <Filter>Common</Filter>
    </ClInclude>
    <ClInclude Include="..\..\Lib\Parser.h">
      <Filter>Lib</Filter>
    </ClInclude>
    <ClInclude Include="..\..\Lib\Logger.h">
      <Filter>Lib</Filter>
    </ClInclude>
    <ClInclude Include="..\..\Lib\Clock.h">
      <Filter>Lib</Filter>
    </ClInclude>
    <ClInclude Include="..\..\Lib\CrashDump.h">
      <Filter>Lib</Filter>
    </ClInclude>
    <ClInclude Include="..\..\Lib\struct.h">
      <Filter>Lib</Filter>
    </ClInclude>
    <ClInclude Include="..\..\Lib\ProFiler.h">
      <Filter>Lib</Filter>
    </ClInclude>
    <ClInclude Include="ChatLanClient.h">
      <Filter>헤더 파일</Filter>
    </ClInclude>
    <ClInclude Include="..\..\Lib\LanClient.h">
      <Filter>Lib</Filter>
    </ClInclude>
    <ClInclude Include="ChatNetServer.h">
      <Filter>헤더 파일</Filter>
    </ClInclude>
    <ClInclude Include="ChatServer.h">
      <Filter>헤더 파일</Filter>
    </ClInclude>
    <ClInclude Include="SessionKey.h">
      <Filter>헤더 파일</Filter>
    </ClInclude>
    <ClInclude Include="..\..\Lib\MonitorLanClient.h">
      <Filter>Lib</Filter>
    </ClInclude>
    <ClInclude Include="ChatMonitorClient.h">
      <Filter>헤더 파일</Filter>
    </ClInclude>
    <ClInclude Include="..\..\Lib\CpuUsage.h">
      <Filter>Lib</Filter>
    </ClInclude>
    <ClInclude Include="..\..\Lib\PDHClass.h">
      <Filter>Lib</Filter>
    </ClInclude>
    <ClInclude Include="..\..\Lib\DBConnector.h">
      <Filter>Lib</Filter>
    </ClInclude>
  </ItemGroup>
  <ItemGroup>
    <ClCompile Include="pch.cpp">
      <Filter>소스 파일</Filter>
    </ClCompile>
    <ClCompile Include="main.cpp">
      <Filter>소스 파일</Filter>
    </ClCompile>
    <ClCompile Include="..\..\Lib\NetServer.cpp">
      <Filter>Lib</Filter>
    </ClCompile>
    <ClCompile Include="..\..\Lib\StreamBuffer.cpp">
      <Filter>Lib</Filter>
    </ClCompile>
    <ClCompile Include="..\..\Lib\StreamQueue.cpp">
      <Filter>Lib</Filter>
    </ClCompile>
    <ClCompile Include="..\..\Lib\Parser.cpp">
      <Filter>Lib</Filter>
    </ClCompile>
    <ClCompile Include="..\..\Lib\Logger.cpp">
      <Filter>Lib</Filter>
    </ClCompile>
    <ClCompile Include="..\..\Lib\Clock.cpp">
      <Filter>Lib</Filter>
    </ClCompile>
    <ClCompile Include="..\..\Lib\CrashDump.cpp">
      <Filter>Lib</Filter>
    </ClCompile>
    <ClCompile Include="..\..\Lib\ProFiler.cpp">
      <Filter>Lib</Filter>
    </ClCompile>
    <ClCompile Include="ChatLanClient.cpp">
      <Filter>소스 파일</Filter>
    </ClCompile>
    <ClCompile Include="..\..\Lib\LanClient.cpp">
      <Filter>Lib</Filter>
    </ClCompile>
    <ClCompile Include="ChatNetServer.cpp">
      <Filter>소스 파일</Filter>
    </ClCompile>
    <ClCompile Include="ChatServer.cpp">
      <Filter>소스 파일</Filter>
    </ClCompile>
    <ClCompile Include="..\..\Lib\MonitorLanClient.cpp">
      <Filter>Lib</Filter>
    </ClCompile>
    <ClCompile Include="ChatMonitorClient.cpp">
      <Filter>소스 파일</Filter>
    </ClCompile>
    <ClCompile Include="..\..\Lib\CpuUsage.cpp">
      <Filter>Lib</Filter>
    </ClCompile>
    <ClCompile Include="..\..\Lib\PDHClass.cpp">
      <Filter>Lib</Filter>
    </ClCompile>
    <ClCompile Include="..\..\Lib\DBConnector.cpp">
      <Filter>Lib</Filter>
    </ClCompile>
  </ItemGroup>
</Project>