<?xml version="1.0" encoding="utf-8"?>
<Project ToolsVersion="4.0" xmlns="http://schemas.microsoft.com/developer/msbuild/2003">
  <ItemGroup>
    <Filter Include="소스 파일">
      <UniqueIdentifier>{4FC737F1-C7A5-4376-A066-2A32D752A2FF}</UniqueIdentifier>
      <Extensions>cpp;c;cc;cxx;def;odl;idl;hpj;bat;asm;asmx</Extensions>
    </Filter>
    <Filter Include="헤더 파일">
      <UniqueIdentifier>{93995380-89BD-4b04-88EB-625FBE52EBFB}</UniqueIdentifier>
      <Extensions>h;hh;hpp;hxx;hm;inl;inc;xsd</Extensions>
    </Filter>
    <Filter Include="리소스 파일">
      <UniqueIdentifier>{67DA6AB6-F800-4c08-8B7A-83BB121AAD01}</UniqueIdentifier>
      <Extensions>rc;ico;cur;bmp;dlg;rc2;rct;bin;rgs;gif;jpg;jpeg;jpe;resx;tiff;tif;png;wav;mfcribbon-ms</Extensions>
    </Filter>
    <Filter Include="소스 파일\network">
      <UniqueIdentifier>{362b1f28-5250-42cf-8429-7b5de778fc7a}</UniqueIdentifier>
    </Filter>
    <Filter Include="헤더 파일\network">
      <UniqueIdentifier>{52d921e5-abe4-42fc-9281-ede61c3320c4}</UniqueIdentifier>
    </Filter>
  </ItemGroup>
  <ItemGroup>
    <ClInclude Include="stdafx.h">
      <Filter>헤더 파일</Filter>
    </ClInclude>
    <ClInclude Include="targetver.h">
      <Filter>헤더 파일</Filter>
    </ClInclude>
    <ClInclude Include="resource.h">
      <Filter>헤더 파일</Filter>
    </ClInclude>
    <ClInclude Include="main.h">
      <Filter>헤더 파일</Filter>
    </ClInclude>
    <ClInclude Include="ScreenDIB.h">
      <Filter>헤더 파일</Filter>
    </ClInclude>
    <ClInclude Include="SpriteDIB.h">
      <Filter>헤더 파일</Filter>
    </ClInclude>
    <ClInclude Include="Function.h">
      <Filter>헤더 파일</Filter>
    </ClInclude>
    <ClInclude Include="Object.h">
      <Filter>헤더 파일</Filter>
    </ClInclude>
    <ClInclude Include="Queue.h">
      <Filter>헤더 파일</Filter>
    </ClInclude>
    <ClInclude Include="LinkedList.h">
      <Filter>헤더 파일</Filter>
    </ClInclude>
    <ClInclude Include="FrameSkip.h">
      <Filter>헤더 파일</Filter>
    </ClInclude>
    <ClInclude Include="EnumAndDefine.h">
      <Filter>헤더 파일</Filter>
    </ClInclude>
    <ClInclude Include="PacketDefine.h">
      <Filter>헤더 파일\network</Filter>
    </ClInclude>
    <ClInclude Include="NetWorkObject.h">
      <Filter>헤더 파일\network</Filter>
    </ClInclude>
    <ClInclude Include="NetWorkFunction.h">
      <Filter>헤더 파일\network</Filter>
    </ClInclude>
    <ClInclude Include="..\..\Lib\StreamBuffer.h">
      <Filter>헤더 파일\network</Filter>
    </ClInclude>
    <ClInclude Include="..\..\Lib\StreamQueue.h">
      <Filter>헤더 파일\network</Filter>
    </ClInclude>
    <ClInclude Include="TileMap.h">
      <Filter>헤더 파일</Filter>
    </ClInclude>
  </ItemGroup>
  <ItemGroup>
    <ClCompile Include="stdafx.cpp">
      <Filter>소스 파일</Filter>
    </ClCompile>
    <ClCompile Include="main.cpp">
      <Filter>소스 파일</Filter>
    </ClCompile>
    <ClCompile Include="ScreenDIB.cpp">
      <Filter>소스 파일</Filter>
    </ClCompile>
    <ClCompile Include="SpriteDIB.cpp">
      <Filter>소스 파일</Filter>
    </ClCompile>
    <ClCompile Include="Function.cpp">
      <Filter>소스 파일</Filter>
    </ClCompile>
    <ClCompile Include="Object.cpp">
      <Filter>소스 파일</Filter>
    </ClCompile>
    <ClCompile Include="FrameSkip.cpp">
      <Filter>소스 파일</Filter>
    </ClCompile>
    <ClCompile Include="NetWorkObject.cpp">
      <Filter>소스 파일\network</Filter>
    </ClCompile>
    <ClCompile Include="NetWorkFunction.cpp">
      <Filter>소스 파일\network</Filter>
    </ClCompile>
    <ClCompile Include="..\..\Lib\StreamBuffer.cpp">
      <Filter>소스 파일\network</Filter>
    </ClCompile>
    <ClCompile Include="..\..\Lib\StreamQueue.cpp">
      <Filter>소스 파일\network</Filter>
    </ClCompile>
    <ClCompile Include="TileMap.cpp">
      <Filter>소스 파일</Filter>
    </ClCompile>
  </ItemGroup>
  <ItemGroup>
    <ResourceCompile Include="TCPFighter.rc">
      <Filter>리소스 파일</Filter>
    </ResourceCompile>
  </ItemGroup>
  <ItemGroup>
    <Image Include="small.ico">
      <Filter>리소스 파일</Filter>
    </Image>
    <Image Include="TCPFighter.ico">
      <Filter>리소스 파일</Filter>
    </Image>
  </ItemGroup>
</Project>