
Microsoft Visual Studio Solution File, Format Version 12.00
# Visual Studio 15
VisualStudioVersion = 15.0.28010.2003
MinimumVisualStudioVersion = 10.0.40219.1
Project("{8BC9CEB8-8B4A-11D0-8D11-00A0C91BC942}") = "ChatServer", "ChatServer\ChatServer.vcxproj", "{773094C0-5803-41F1-8AC6-F87D039F128A}"
EndProject
Global
	GlobalSection(SolutionConfigurationPlatforms) = preSolution
		Debug|x64 = Debug|x64
		Debug|x86 = Debug|x86
		Release|x64 = Release|x64
		Release|x86 = Release|x86
	EndGlobalSection
	GlobalSection(ProjectConfigurationPlatforms) = postSolution
		{773094C0-5803-41F1-8AC6-F87D039F128A}.Debug|x64.ActiveCfg = Debug|x64
		{773094C0-5803-41F1-8AC6-F87D039F128A}.Debug|x64.Build.0 = Debug|x64
		{773094C0-5803-41F1-8AC6-F87D039F128A}.Debug|x86.ActiveCfg = Debug|Win32
		{773094C0-5803-41F1-8AC6-F87D039F128A}.Debug|x86.Build.0 = Debug|Win32
		{773094C0-5803-41F1-8AC6-F87D039F128A}.Release|x64.ActiveCfg = Release|x64
		{773094C0-5803-41F1-8AC6-F87D039F128A}.Release|x64.Build.0 = Release|x64
		{773094C0-5803-41F1-8AC6-F87D039F128A}.Release|x86.ActiveCfg = Release|Win32
		{773094C0-5803-41F1-8AC6-F87D039F128A}.Release|x86.Build.0 = Release|Win32
	EndGlobalSection
	GlobalSection(SolutionProperties) = preSolution
		HideSolutionNode = FALSE
	EndGlobalSection
	GlobalSection(ExtensibilityGlobals) = postSolution
		SolutionGuid = {C7FA3F1F-8EB3-434A-A58F-614FBD56F7D5}
	EndGlobalSection
EndGlobal
